// !$*UTF8*$!
{
	archiveVersion = 1;
	classes = {
	};
	objectVersion = 50;
	objects = {

/* Begin PBXBuildFile section */
		572A8332F40C5C8D4B6AAC63 /* Pods_DeepClearStream.framework in Frameworks */ = {isa = PBXBuildFile; fileRef = DAC05FEA2ECC352B6A00402C /* Pods_DeepClearStream.framework */; };
		5B095AD621684C140056A698 /* AppDelegate.swift in Sources */ = {isa = PBXBuildFile; fileRef = 5B095AD521684C140056A698 /* AppDelegate.swift */; };
		5B095AD821684C140056A698 /* PlayViewController.swift in Sources */ = {isa = PBXBuildFile; fileRef = 5B095AD721684C140056A698 /* PlayViewController.swift */; };
		5B095ADB21684C140056A698 /* Main.storyboard in Resources */ = {isa = PBXBuildFile; fileRef = 5B095AD921684C140056A698 /* Main.storyboard */; };
		5B095ADD21684C160056A698 /* Assets.xcassets in Resources */ = {isa = PBXBuildFile; fileRef = 5B095ADC21684C160056A698 /* Assets.xcassets */; };
		5B095AE021684C160056A698 /* LaunchScreen.storyboard in Resources */ = {isa = PBXBuildFile; fileRef = 5B095ADE21684C160056A698 /* LaunchScreen.storyboard */; };
		5B6D4906216E3D7D005FC46F /* MobileNet.mlmodel in Sources */ = {isa = PBXBuildFile; fileRef = 5B6D4905216E3D7D005FC46F /* MobileNet.mlmodel */; };
		F037617D218456FC00429C32 /* PopUpViewController.swift in Sources */ = {isa = PBXBuildFile; fileRef = F037617C218456FC00429C32 /* PopUpViewController.swift */; };
		F037618121847D6A00429C32 /* audiogram.png in Resources */ = {isa = PBXBuildFile; fileRef = F037618021847D6A00429C32 /* audiogram.png */; };
		F0376188218490F500429C32 /* logo with letter.png in Resources */ = {isa = PBXBuildFile; fileRef = F0376186218490F400429C32 /* logo with letter.png */; };
		F0376189218490F500429C32 /* logo.png in Resources */ = {isa = PBXBuildFile; fileRef = F0376187218490F500429C32 /* logo.png */; };
		F037618C2184AA2000429C32 /* not_configure.png in Resources */ = {isa = PBXBuildFile; fileRef = F037618A2184AA1F00429C32 /* not_configure.png */; };
		F037618D2184AA2000429C32 /* configure.png in Resources */ = {isa = PBXBuildFile; fileRef = F037618B2184AA2000429C32 /* configure.png */; };
		F03761902184CFC600429C32 /* not_onclick.png in Resources */ = {isa = PBXBuildFile; fileRef = F037618E2184CFC200429C32 /* not_onclick.png */; };
		F03761912184CFC600429C32 /* onclick.png in Resources */ = {isa = PBXBuildFile; fileRef = F037618F2184CFC300429C32 /* onclick.png */; };
		F03761942184CFCC00429C32 /* not_stop.png in Resources */ = {isa = PBXBuildFile; fileRef = F03761922184CFCA00429C32 /* not_stop.png */; };
		F03761982184DB5600429C32 /* play .jpg in Resources */ = {isa = PBXBuildFile; fileRef = F03761962184DB5500429C32 /* play .jpg */; };
		F0612766218554A400F2E663 /* ResultViewController.swift in Sources */ = {isa = PBXBuildFile; fileRef = F0612765218554A400F2E663 /* ResultViewController.swift */; };
		F06127682185567F00F2E663 /* con.png in Resources */ = {isa = PBXBuildFile; fileRef = F06127672185567E00F2E663 /* con.png */; };
		F061276A2185588600F2E663 /* login.png in Resources */ = {isa = PBXBuildFile; fileRef = F06127692185588500F2E663 /* login.png */; };
		F061276C2185599E00F2E663 /* login1.png in Resources */ = {isa = PBXBuildFile; fileRef = F061276B2185599C00F2E663 /* login1.png */; };
		F061276E21855A3C00F2E663 /* check.png in Resources */ = {isa = PBXBuildFile; fileRef = F061276D21855A3B00F2E663 /* check.png */; };
		F061277121856D2400F2E663 /* stop.png in Resources */ = {isa = PBXBuildFile; fileRef = F061276F21856D2200F2E663 /* stop.png */; };
		F061277221856D2400F2E663 /* play.png in Resources */ = {isa = PBXBuildFile; fileRef = F061277021856D2200F2E663 /* play.png */; };
		F061277421899DDB00F2E663 /* DeepComplexUnet.mlmodel in Sources */ = {isa = PBXBuildFile; fileRef = F061277321899DDB00F2E663 /* DeepComplexUnet.mlmodel */; };
		F083C2BF21837C0100A76F49 /* LoginViewController.swift in Sources */ = {isa = PBXBuildFile; fileRef = F083C2BE21837C0100A76F49 /* LoginViewController.swift */; };
		F083C2C121837C5800A76F49 /* SelectViewController.swift in Sources */ = {isa = PBXBuildFile; fileRef = F083C2C021837C5800A76F49 /* SelectViewController.swift */; };
		F083C2C321837D1B00A76F49 /* ViewController.swift in Sources */ = {isa = PBXBuildFile; fileRef = F083C2C221837D1B00A76F49 /* ViewController.swift */; };
		F083C2C52183833600A76F49 /* oneViewController.swift in Sources */ = {isa = PBXBuildFile; fileRef = F083C2C42183833600A76F49 /* oneViewController.swift */; };
		F083C2C72183839800A76F49 /* twoViewController.swift in Sources */ = {isa = PBXBuildFile; fileRef = F083C2C62183839800A76F49 /* twoViewController.swift */; };
		F0D3D995217EE43F00928020 /* SimpleModel.mlmodel in Sources */ = {isa = PBXBuildFile; fileRef = F0D3D994217EE43F00928020 /* SimpleModel.mlmodel */; };
/* End PBXBuildFile section */

/* Begin PBXFileReference section */
		5B095AD221684C140056A698 /* DeepClearStream.app */ = {isa = PBXFileReference; explicitFileType = wrapper.application; includeInIndex = 0; path = DeepClearStream.app; sourceTree = BUILT_PRODUCTS_DIR; };
		5B095AD521684C140056A698 /* AppDelegate.swift */ = {isa = PBXFileReference; lastKnownFileType = sourcecode.swift; path = AppDelegate.swift; sourceTree = "<group>"; };
		5B095AD721684C140056A698 /* PlayViewController.swift */ = {isa = PBXFileReference; lastKnownFileType = sourcecode.swift; path = PlayViewController.swift; sourceTree = "<group>"; };
		5B095ADA21684C140056A698 /* Base */ = {isa = PBXFileReference; lastKnownFileType = file.storyboard; name = Base; path = Base.lproj/Main.storyboard; sourceTree = "<group>"; };
		5B095ADC21684C160056A698 /* Assets.xcassets */ = {isa = PBXFileReference; lastKnownFileType = folder.assetcatalog; path = Assets.xcassets; sourceTree = "<group>"; };
		5B095ADF21684C160056A698 /* Base */ = {isa = PBXFileReference; lastKnownFileType = file.storyboard; name = Base; path = Base.lproj/LaunchScreen.storyboard; sourceTree = "<group>"; };
		5B095AE121684C160056A698 /* Info.plist */ = {isa = PBXFileReference; lastKnownFileType = text.plist.xml; path = Info.plist; sourceTree = "<group>"; };
		5B6D4905216E3D7D005FC46F /* MobileNet.mlmodel */ = {isa = PBXFileReference; lastKnownFileType = file.mlmodel; path = MobileNet.mlmodel; sourceTree = "<group>"; };
		69D17E797DF2FF4EA259EB7E /* Pods-DeepClearStream.debug.xcconfig */ = {isa = PBXFileReference; includeInIndex = 1; lastKnownFileType = text.xcconfig; name = "Pods-DeepClearStream.debug.xcconfig"; path = "Pods/Target Support Files/Pods-DeepClearStream/Pods-DeepClearStream.debug.xcconfig"; sourceTree = "<group>"; };
		D26BF70F66DEBE0C72C136A1 /* Pods-DeepClearStream.release.xcconfig */ = {isa = PBXFileReference; includeInIndex = 1; lastKnownFileType = text.xcconfig; name = "Pods-DeepClearStream.release.xcconfig"; path = "Pods/Target Support Files/Pods-DeepClearStream/Pods-DeepClearStream.release.xcconfig"; sourceTree = "<group>"; };
		DAC05FEA2ECC352B6A00402C /* Pods_DeepClearStream.framework */ = {isa = PBXFileReference; explicitFileType = wrapper.framework; includeInIndex = 0; path = Pods_DeepClearStream.framework; sourceTree = BUILT_PRODUCTS_DIR; };
		F037617C218456FC00429C32 /* PopUpViewController.swift */ = {isa = PBXFileReference; lastKnownFileType = sourcecode.swift; path = PopUpViewController.swift; sourceTree = "<group>"; };
		F037618021847D6A00429C32 /* audiogram.png */ = {isa = PBXFileReference; lastKnownFileType = image.png; path = audiogram.png; sourceTree = "<group>"; };
		F0376186218490F400429C32 /* logo with letter.png */ = {isa = PBXFileReference; lastKnownFileType = image.png; name = "logo with letter.png"; path = "logo/logo with letter.png"; sourceTree = SOURCE_ROOT; };
		F0376187218490F500429C32 /* logo.png */ = {isa = PBXFileReference; lastKnownFileType = image.png; name = logo.png; path = logo/logo.png; sourceTree = SOURCE_ROOT; };
		F037618A2184AA1F00429C32 /* not_configure.png */ = {isa = PBXFileReference; lastKnownFileType = image.png; name = not_configure.png; path = c/not_configure.png; sourceTree = SOURCE_ROOT; };
		F037618B2184AA2000429C32 /* configure.png */ = {isa = PBXFileReference; lastKnownFileType = image.png; name = configure.png; path = c/configure.png; sourceTree = SOURCE_ROOT; };
		F037618E2184CFC200429C32 /* not_onclick.png */ = {isa = PBXFileReference; lastKnownFileType = image.png; name = not_onclick.png; path = a/not_onclick.png; sourceTree = SOURCE_ROOT; };
		F037618F2184CFC300429C32 /* onclick.png */ = {isa = PBXFileReference; lastKnownFileType = image.png; name = onclick.png; path = a/onclick.png; sourceTree = SOURCE_ROOT; };
		F03761922184CFCA00429C32 /* not_stop.png */ = {isa = PBXFileReference; lastKnownFileType = image.png; name = not_stop.png; path = b/not_stop.png; sourceTree = SOURCE_ROOT; };
		F03761962184DB5500429C32 /* play .jpg */ = {isa = PBXFileReference; lastKnownFileType = image.jpeg; path = "play .jpg"; sourceTree = "<group>"; };
		F0612765218554A400F2E663 /* ResultViewController.swift */ = {isa = PBXFileReference; fileEncoding = 4; lastKnownFileType = sourcecode.swift; path = ResultViewController.swift; sourceTree = "<group>"; };
		F06127672185567E00F2E663 /* con.png */ = {isa = PBXFileReference; lastKnownFileType = image.png; path = con.png; sourceTree = "<group>"; };
		F06127692185588500F2E663 /* login.png */ = {isa = PBXFileReference; lastKnownFileType = image.png; path = login.png; sourceTree = "<group>"; };
		F061276B2185599C00F2E663 /* login1.png */ = {isa = PBXFileReference; lastKnownFileType = image.png; path = login1.png; sourceTree = "<group>"; };
		F061276D21855A3B00F2E663 /* check.png */ = {isa = PBXFileReference; lastKnownFileType = image.png; path = check.png; sourceTree = "<group>"; };
		F061276F21856D2200F2E663 /* stop.png */ = {isa = PBXFileReference; lastKnownFileType = image.png; path = stop.png; sourceTree = "<group>"; };
		F061277021856D2200F2E663 /* play.png */ = {isa = PBXFileReference; lastKnownFileType = image.png; path = play.png; sourceTree = "<group>"; };
		F061277321899DDB00F2E663 /* DeepComplexUnet.mlmodel */ = {isa = PBXFileReference; lastKnownFileType = file.mlmodel; path = DeepComplexUnet.mlmodel; sourceTree = "<group>"; };
		F083C2BE21837C0100A76F49 /* LoginViewController.swift */ = {isa = PBXFileReference; lastKnownFileType = sourcecode.swift; path = LoginViewController.swift; sourceTree = "<group>"; };
		F083C2C021837C5800A76F49 /* SelectViewController.swift */ = {isa = PBXFileReference; lastKnownFileType = sourcecode.swift; path = SelectViewController.swift; sourceTree = "<group>"; };
		F083C2C221837D1B00A76F49 /* ViewController.swift */ = {isa = PBXFileReference; lastKnownFileType = sourcecode.swift; path = ViewController.swift; sourceTree = "<group>"; };
		F083C2C42183833600A76F49 /* oneViewController.swift */ = {isa = PBXFileReference; lastKnownFileType = sourcecode.swift; path = oneViewController.swift; sourceTree = "<group>"; };
		F083C2C62183839800A76F49 /* twoViewController.swift */ = {isa = PBXFileReference; lastKnownFileType = sourcecode.swift; path = twoViewController.swift; sourceTree = "<group>"; };
		F0D3D994217EE43F00928020 /* SimpleModel.mlmodel */ = {isa = PBXFileReference; lastKnownFileType = file.mlmodel; path = SimpleModel.mlmodel; sourceTree = "<group>"; };
/* End PBXFileReference section */

/* Begin PBXFrameworksBuildPhase section */
		5B095ACF21684C140056A698 /* Frameworks */ = {
			isa = PBXFrameworksBuildPhase;
			buildActionMask = 2147483647;
			files = (
				572A8332F40C5C8D4B6AAC63 /* Pods_DeepClearStream.framework in Frameworks */,
			);
			runOnlyForDeploymentPostprocessing = 0;
		};
/* End PBXFrameworksBuildPhase section */

/* Begin PBXGroup section */
		3D7C44ADE71BC12DAD31FF70 /* Pods */ = {
			isa = PBXGroup;
			children = (
				69D17E797DF2FF4EA259EB7E /* Pods-DeepClearStream.debug.xcconfig */,
				D26BF70F66DEBE0C72C136A1 /* Pods-DeepClearStream.release.xcconfig */,
			);
			name = Pods;
			sourceTree = "<group>";
		};
		5B095AC921684C140056A698 = {
			isa = PBXGroup;
			children = (
				5B095AD421684C140056A698 /* DeepClearStream */,
				5B095AD321684C140056A698 /* Products */,
				3D7C44ADE71BC12DAD31FF70 /* Pods */,
				6D1B0F0003CB931DC61E1CEC /* Frameworks */,
			);
			sourceTree = "<group>";
		};
		5B095AD321684C140056A698 /* Products */ = {
			isa = PBXGroup;
			children = (
				5B095AD221684C140056A698 /* DeepClearStream.app */,
			);
			name = Products;
			sourceTree = "<group>";
		};
		5B095AD421684C140056A698 /* DeepClearStream */ = {
			isa = PBXGroup;
			children = (
				F061277321899DDB00F2E663 /* DeepComplexUnet.mlmodel */,
				F061277021856D2200F2E663 /* play.png */,
				F061276F21856D2200F2E663 /* stop.png */,
				F061276D21855A3B00F2E663 /* check.png */,
				F061276B2185599C00F2E663 /* login1.png */,
				F06127692185588500F2E663 /* login.png */,
				F06127672185567E00F2E663 /* con.png */,
				F0612765218554A400F2E663 /* ResultViewController.swift */,
				F03761962184DB5500429C32 /* play .jpg */,
				F03761922184CFCA00429C32 /* not_stop.png */,
				F037618E2184CFC200429C32 /* not_onclick.png */,
				F037618F2184CFC300429C32 /* onclick.png */,
				F037618B2184AA2000429C32 /* configure.png */,
				F037618A2184AA1F00429C32 /* not_configure.png */,
				F0376186218490F400429C32 /* logo with letter.png */,
				F0376187218490F500429C32 /* logo.png */,
				F037618021847D6A00429C32 /* audiogram.png */,
				5B095AD521684C140056A698 /* AppDelegate.swift */,
				5B095AD721684C140056A698 /* PlayViewController.swift */,
				5B095AD921684C140056A698 /* Main.storyboard */,
				5B095ADC21684C160056A698 /* Assets.xcassets */,
				5B095ADE21684C160056A698 /* LaunchScreen.storyboard */,
				5B095AE121684C160056A698 /* Info.plist */,
				F0D3D994217EE43F00928020 /* SimpleModel.mlmodel */,
				5B6D4905216E3D7D005FC46F /* MobileNet.mlmodel */,
				F083C2BE21837C0100A76F49 /* LoginViewController.swift */,
				F083C2C021837C5800A76F49 /* SelectViewController.swift */,
				F083C2C221837D1B00A76F49 /* ViewController.swift */,
				F083C2C42183833600A76F49 /* oneViewController.swift */,
				F083C2C62183839800A76F49 /* twoViewController.swift */,
				F037617C218456FC00429C32 /* PopUpViewController.swift */,
			);
			path = DeepClearStream;
			sourceTree = "<group>";
		};
		6D1B0F0003CB931DC61E1CEC /* Frameworks */ = {
			isa = PBXGroup;
			children = (
				DAC05FEA2ECC352B6A00402C /* Pods_DeepClearStream.framework */,
			);
			name = Frameworks;
			sourceTree = "<group>";
		};
/* End PBXGroup section */

/* Begin PBXNativeTarget section */
		5B095AD121684C140056A698 /* DeepClearStream */ = {
			isa = PBXNativeTarget;
			buildConfigurationList = 5B095AE421684C160056A698 /* Build configuration list for PBXNativeTarget "DeepClearStream" */;
			buildPhases = (
				FCE87A725BB682B7353B5EF8 /* [CP] Check Pods Manifest.lock */,
				5B095ACE21684C140056A698 /* Sources */,
				5B095ACF21684C140056A698 /* Frameworks */,
				5B095AD021684C140056A698 /* Resources */,
				B85E168559C8E8104C865A33 /* [CP] Embed Pods Frameworks */,
			);
			buildRules = (
			);
			dependencies = (
			);
			name = DeepClearStream;
			productName = DeepClearStream;
			productReference = 5B095AD221684C140056A698 /* DeepClearStream.app */;
			productType = "com.apple.product-type.application";
		};
/* End PBXNativeTarget section */

/* Begin PBXProject section */
		5B095ACA21684C140056A698 /* Project object */ = {
			isa = PBXProject;
			attributes = {
				LastSwiftUpdateCheck = 1000;
				LastUpgradeCheck = 1000;
				ORGANIZATIONNAME = "Sungwon Lyu";
				TargetAttributes = {
					5B095AD121684C140056A698 = {
						CreatedOnToolsVersion = 10.0;
						SystemCapabilities = {
							com.apple.BackgroundModes = {
								enabled = 1;
							};
						};
					};
				};
			};
			buildConfigurationList = 5B095ACD21684C140056A698 /* Build configuration list for PBXProject "DeepClearStream" */;
			compatibilityVersion = "Xcode 9.3";
			developmentRegion = en;
			hasScannedForEncodings = 0;
			knownRegions = (
				en,
				Base,
			);
			mainGroup = 5B095AC921684C140056A698;
			productRefGroup = 5B095AD321684C140056A698 /* Products */;
			projectDirPath = "";
			projectRoot = "";
			targets = (
				5B095AD121684C140056A698 /* DeepClearStream */,
			);
		};
/* End PBXProject section */

/* Begin PBXResourcesBuildPhase section */
		5B095AD021684C140056A698 /* Resources */ = {
			isa = PBXResourcesBuildPhase;
			buildActionMask = 2147483647;
			files = (
				F061276E21855A3C00F2E663 /* check.png in Resources */,
				F061277221856D2400F2E663 /* play.png in Resources */,
				5B095AE021684C160056A698 /* LaunchScreen.storyboard in Resources */,
				F03761942184CFCC00429C32 /* not_stop.png in Resources */,
				F03761912184CFC600429C32 /* onclick.png in Resources */,
				F06127682185567F00F2E663 /* con.png in Resources */,
				F061276A2185588600F2E663 /* login.png in Resources */,
				F061276C2185599E00F2E663 /* login1.png in Resources */,
				F037618D2184AA2000429C32 /* configure.png in Resources */,
				F037618C2184AA2000429C32 /* not_configure.png in Resources */,
				5B095ADD21684C160056A698 /* Assets.xcassets in Resources */,
				5B095ADB21684C140056A698 /* Main.storyboard in Resources */,
				F061277121856D2400F2E663 /* stop.png in Resources */,
				F03761902184CFC600429C32 /* not_onclick.png in Resources */,
				F03761982184DB5600429C32 /* play .jpg in Resources */,
				F0376188218490F500429C32 /* logo with letter.png in Resources */,
				F0376189218490F500429C32 /* logo.png in Resources */,
				F037618121847D6A00429C32 /* audiogram.png in Resources */,
			);
			runOnlyForDeploymentPostprocessing = 0;
		};
/* End PBXResourcesBuildPhase section */

/* Begin PBXShellScriptBuildPhase section */
		B85E168559C8E8104C865A33 /* [CP] Embed Pods Frameworks */ = {
			isa = PBXShellScriptBuildPhase;
			buildActionMask = 2147483647;
			files = (
			);
			inputPaths = (
				"${SRCROOT}/Pods/Target Support Files/Pods-DeepClearStream/Pods-DeepClearStream-frameworks.sh",
				"${BUILT_PRODUCTS_DIR}/Charts/Charts.framework",
				"${BUILT_PRODUCTS_DIR}/SwiftCharts/SwiftCharts.framework",
				"${BUILT_PRODUCTS_DIR}/fluid-slider/fluid_slider.framework",
				"${BUILT_PRODUCTS_DIR}/pop/pop.framework",
			);
			name = "[CP] Embed Pods Frameworks";
			outputPaths = (
				"${TARGET_BUILD_DIR}/${FRAMEWORKS_FOLDER_PATH}/Charts.framework",
				"${TARGET_BUILD_DIR}/${FRAMEWORKS_FOLDER_PATH}/SwiftCharts.framework",
				"${TARGET_BUILD_DIR}/${FRAMEWORKS_FOLDER_PATH}/fluid_slider.framework",
				"${TARGET_BUILD_DIR}/${FRAMEWORKS_FOLDER_PATH}/pop.framework",
			);
			runOnlyForDeploymentPostprocessing = 0;
			shellPath = /bin/sh;
			shellScript = "\"${SRCROOT}/Pods/Target Support Files/Pods-DeepClearStream/Pods-DeepClearStream-frameworks.sh\"\n";
			showEnvVarsInLog = 0;
		};
		FCE87A725BB682B7353B5EF8 /* [CP] Check Pods Manifest.lock */ = {
			isa = PBXShellScriptBuildPhase;
			buildActionMask = 2147483647;
			files = (
			);
			inputPaths = (
				"${PODS_PODFILE_DIR_PATH}/Podfile.lock",
				"${PODS_ROOT}/Manifest.lock",
			);
			name = "[CP] Check Pods Manifest.lock";
			outputPaths = (
				"$(DERIVED_FILE_DIR)/Pods-DeepClearStream-checkManifestLockResult.txt",
			);
			runOnlyForDeploymentPostprocessing = 0;
			shellPath = /bin/sh;
			shellScript = "diff \"${PODS_PODFILE_DIR_PATH}/Podfile.lock\" \"${PODS_ROOT}/Manifest.lock\" > /dev/null\nif [ $? != 0 ] ; then\n    # print error to STDERR\n    echo \"error: The sandbox is not in sync with the Podfile.lock. Run 'pod install' or update your CocoaPods installation.\" >&2\n    exit 1\nfi\n# This output is used by Xcode 'outputs' to avoid re-running this script phase.\necho \"SUCCESS\" > \"${SCRIPT_OUTPUT_FILE_0}\"\n";
			showEnvVarsInLog = 0;
		};
/* End PBXShellScriptBuildPhase section */

/* Begin PBXSourcesBuildPhase section */
		5B095ACE21684C140056A698 /* Sources */ = {
			isa = PBXSourcesBuildPhase;
			buildActionMask = 2147483647;
			files = (
				F083C2C121837C5800A76F49 /* SelectViewController.swift in Sources */,
				5B6D4906216E3D7D005FC46F /* MobileNet.mlmodel in Sources */,
				5B095AD821684C140056A698 /* PlayViewController.swift in Sources */,
				F083C2C52183833600A76F49 /* oneViewController.swift in Sources */,
				F083C2C72183839800A76F49 /* twoViewController.swift in Sources */,
				5B095AD621684C140056A698 /* AppDelegate.swift in Sources */,
				F037617D218456FC00429C32 /* PopUpViewController.swift in Sources */,
				F083C2C321837D1B00A76F49 /* ViewController.swift in Sources */,
				F0D3D995217EE43F00928020 /* SimpleModel.mlmodel in Sources */,
				F061277421899DDB00F2E663 /* DeepComplexUnet.mlmodel in Sources */,
				F083C2BF21837C0100A76F49 /* LoginViewController.swift in Sources */,
				F0612766218554A400F2E663 /* ResultViewController.swift in Sources */,
			);
			runOnlyForDeploymentPostprocessing = 0;
		};
/* End PBXSourcesBuildPhase section */

/* Begin PBXVariantGroup section */
		5B095AD921684C140056A698 /* Main.storyboard */ = {
			isa = PBXVariantGroup;
			children = (
				5B095ADA21684C140056A698 /* Base */,
			);
			name = Main.storyboard;
			sourceTree = "<group>";
		};
		5B095ADE21684C160056A698 /* LaunchScreen.storyboard */ = {
			isa = PBXVariantGroup;
			children = (
				5B095ADF21684C160056A698 /* Base */,
			);
			name = LaunchScreen.storyboard;
			sourceTree = "<group>";
		};
/* End PBXVariantGroup section */

/* Begin XCBuildConfiguration section */
		5B095AE221684C160056A698 /* Debug */ = {
			isa = XCBuildConfiguration;
			buildSettings = {
				ALWAYS_SEARCH_USER_PATHS = NO;
				CLANG_ANALYZER_NONNULL = YES;
				CLANG_ANALYZER_NUMBER_OBJECT_CONVERSION = YES_AGGRESSIVE;
				CLANG_CXX_LANGUAGE_STANDARD = "gnu++14";
				CLANG_CXX_LIBRARY = "libc++";
				CLANG_ENABLE_MODULES = YES;
				CLANG_ENABLE_OBJC_ARC = YES;
				CLANG_ENABLE_OBJC_WEAK = YES;
				CLANG_WARN_BLOCK_CAPTURE_AUTORELEASING = YES;
				CLANG_WARN_BOOL_CONVERSION = YES;
				CLANG_WARN_COMMA = YES;
				CLANG_WARN_CONSTANT_CONVERSION = YES;
				CLANG_WARN_DEPRECATED_OBJC_IMPLEMENTATIONS = YES;
				CLANG_WARN_DIRECT_OBJC_ISA_USAGE = YES_ERROR;
				CLANG_WARN_DOCUMENTATION_COMMENTS = YES;
				CLANG_WARN_EMPTY_BODY = YES;
				CLANG_WARN_ENUM_CONVERSION = YES;
				CLANG_WARN_INFINITE_RECURSION = YES;
				CLANG_WARN_INT_CONVERSION = YES;
				CLANG_WARN_NON_LITERAL_NULL_CONVERSION = YES;
				CLANG_WARN_OBJC_IMPLICIT_RETAIN_SELF = YES;
				CLANG_WARN_OBJC_LITERAL_CONVERSION = YES;
				CLANG_WARN_OBJC_ROOT_CLASS = YES_ERROR;
				CLANG_WARN_RANGE_LOOP_ANALYSIS = YES;
				CLANG_WARN_STRICT_PROTOTYPES = YES;
				CLANG_WARN_SUSPICIOUS_MOVE = YES;
				CLANG_WARN_UNGUARDED_AVAILABILITY = YES_AGGRESSIVE;
				CLANG_WARN_UNREACHABLE_CODE = YES;
				CLANG_WARN__DUPLICATE_METHOD_MATCH = YES;
				CODE_SIGN_IDENTITY = "iPhone Developer";
				COPY_PHASE_STRIP = NO;
				DEBUG_INFORMATION_FORMAT = dwarf;
				ENABLE_STRICT_OBJC_MSGSEND = YES;
				ENABLE_TESTABILITY = YES;
				GCC_C_LANGUAGE_STANDARD = gnu11;
				GCC_DYNAMIC_NO_PIC = NO;
				GCC_NO_COMMON_BLOCKS = YES;
				GCC_OPTIMIZATION_LEVEL = 0;
				GCC_PREPROCESSOR_DEFINITIONS = (
					"DEBUG=1",
					"$(inherited)",
				);
				GCC_WARN_64_TO_32_BIT_CONVERSION = YES;
				GCC_WARN_ABOUT_RETURN_TYPE = YES_ERROR;
				GCC_WARN_UNDECLARED_SELECTOR = YES;
				GCC_WARN_UNINITIALIZED_AUTOS = YES_AGGRESSIVE;
				GCC_WARN_UNUSED_FUNCTION = YES;
				GCC_WARN_UNUSED_VARIABLE = YES;
				IPHONEOS_DEPLOYMENT_TARGET = 12.0;
				MTL_ENABLE_DEBUG_INFO = INCLUDE_SOURCE;
				MTL_FAST_MATH = YES;
				ONLY_ACTIVE_ARCH = YES;
				SDKROOT = iphoneos;
				SWIFT_ACTIVE_COMPILATION_CONDITIONS = DEBUG;
				SWIFT_OPTIMIZATION_LEVEL = "-Onone";
			};
			name = Debug;
		};
		5B095AE321684C160056A698 /* Release */ = {
			isa = XCBuildConfiguration;
			buildSettings = {
				ALWAYS_SEARCH_USER_PATHS = NO;
				CLANG_ANALYZER_NONNULL = YES;
				CLANG_ANALYZER_NUMBER_OBJECT_CONVERSION = YES_AGGRESSIVE;
				CLANG_CXX_LANGUAGE_STANDARD = "gnu++14";
				CLANG_CXX_LIBRARY = "libc++";
				CLANG_ENABLE_MODULES = YES;
				CLANG_ENABLE_OBJC_ARC = YES;
				CLANG_ENABLE_OBJC_WEAK = YES;
				CLANG_WARN_BLOCK_CAPTURE_AUTORELEASING = YES;
				CLANG_WARN_BOOL_CONVERSION = YES;
				CLANG_WARN_COMMA = YES;
				CLANG_WARN_CONSTANT_CONVERSION = YES;
				CLANG_WARN_DEPRECATED_OBJC_IMPLEMENTATIONS = YES;
				CLANG_WARN_DIRECT_OBJC_ISA_USAGE = YES_ERROR;
				CLANG_WARN_DOCUMENTATION_COMMENTS = YES;
				CLANG_WARN_EMPTY_BODY = YES;
				CLANG_WARN_ENUM_CONVERSION = YES;
				CLANG_WARN_INFINITE_RECURSION = YES;
				CLANG_WARN_INT_CONVERSION = YES;
				CLANG_WARN_NON_LITERAL_NULL_CONVERSION = YES;
				CLANG_WARN_OBJC_IMPLICIT_RETAIN_SELF = YES;
				CLANG_WARN_OBJC_LITERAL_CONVERSION = YES;
				CLANG_WARN_OBJC_ROOT_CLASS = YES_ERROR;
				CLANG_WARN_RANGE_LOOP_ANALYSIS = YES;
				CLANG_WARN_STRICT_PROTOTYPES = YES;
				CLANG_WARN_SUSPICIOUS_MOVE = YES;
				CLANG_WARN_UNGUARDED_AVAILABILITY = YES_AGGRESSIVE;
				CLANG_WARN_UNREACHABLE_CODE = YES;
				CLANG_WARN__DUPLICATE_METHOD_MATCH = YES;
				CODE_SIGN_IDENTITY = "iPhone Developer";
				COPY_PHASE_STRIP = NO;
				DEBUG_INFORMATION_FORMAT = "dwarf-with-dsym";
				ENABLE_NS_ASSERTIONS = NO;
				ENABLE_STRICT_OBJC_MSGSEND = YES;
				GCC_C_LANGUAGE_STANDARD = gnu11;
				GCC_NO_COMMON_BLOCKS = YES;
				GCC_WARN_64_TO_32_BIT_CONVERSION = YES;
				GCC_WARN_ABOUT_RETURN_TYPE = YES_ERROR;
				GCC_WARN_UNDECLARED_SELECTOR = YES;
				GCC_WARN_UNINITIALIZED_AUTOS = YES_AGGRESSIVE;
				GCC_WARN_UNUSED_FUNCTION = YES;
				GCC_WARN_UNUSED_VARIABLE = YES;
				IPHONEOS_DEPLOYMENT_TARGET = 12.0;
				MTL_ENABLE_DEBUG_INFO = NO;
				MTL_FAST_MATH = YES;
				SDKROOT = iphoneos;
				SWIFT_COMPILATION_MODE = wholemodule;
				SWIFT_OPTIMIZATION_LEVEL = "-O";
				VALIDATE_PRODUCT = YES;
			};
			name = Release;
		};
		5B095AE521684C160056A698 /* Debug */ = {
			isa = XCBuildConfiguration;
			baseConfigurationReference = 69D17E797DF2FF4EA259EB7E /* Pods-DeepClearStream.debug.xcconfig */;
			buildSettings = {
				ASSETCATALOG_COMPILER_APPICON_NAME = AppIcon;
				CODE_SIGN_STYLE = Automatic;
				DEVELOPMENT_TEAM = 4FHA7KYB6N;
				INFOPLIST_FILE = DeepClearStream/Info.plist;
				LD_RUNPATH_SEARCH_PATHS = (
					"$(inherited)",
					"@executable_path/Frameworks",
				);
				PRODUCT_BUNDLE_IDENTIFIER = kr.sungwonlyu.DeepClearStream;
				PRODUCT_NAME = "$(TARGET_NAME)";
				SWIFT_VERSION = 4.2;
				TARGETED_DEVICE_FAMILY = "1,2";
			};
			name = Debug;
		};
		5B095AE621684C160056A698 /* Release */ = {
			isa = XCBuildConfiguration;
			baseConfigurationReference = D26BF70F66DEBE0C72C136A1 /* Pods-DeepClearStream.release.xcconfig */;
			buildSettings = {
				ASSETCATALOG_COMPILER_APPICON_NAME = AppIcon;
				CODE_SIGN_STYLE = Automatic;
				DEVELOPMENT_TEAM = 4FHA7KYB6N;
				INFOPLIST_FILE = DeepClearStream/Info.plist;
				LD_RUNPATH_SEARCH_PATHS = (
					"$(inherited)",
					"@executable_path/Frameworks",
				);
				PRODUCT_BUNDLE_IDENTIFIER = kr.sungwonlyu.DeepClearStream;
				PRODUCT_NAME = "$(TARGET_NAME)";
				SWIFT_VERSION = 4.2;
				TARGETED_DEVICE_FAMILY = "1,2";
			};
			name = Release;
		};
/* End XCBuildConfiguration section */

/* Begin XCConfigurationList section */
		5B095ACD21684C140056A698 /* Build configuration list for PBXProject "DeepClearStream" */ = {
			isa = XCConfigurationList;
			buildConfigurations = (
				5B095AE221684C160056A698 /* Debug */,
				5B095AE321684C160056A698 /* Release */,
			);
			defaultConfigurationIsVisible = 0;
			defaultConfigurationName = Release;
		};
		5B095AE421684C160056A698 /* Build configuration list for PBXNativeTarget "DeepClearStream" */ = {
			isa = XCConfigurationList;
			buildConfigurations = (
				5B095AE521684C160056A698 /* Debug */,
				5B095AE621684C160056A698 /* Release */,
			);
			defaultConfigurationIsVisible = 0;
			defaultConfigurationName = Release;
		};
/* End XCConfigurationList section */
	};
	rootObject = 5B095ACA21684C140056A698 /* Project object */;
}
